{
    "version": 3,
    "terraform_version": "0.7.13",
    "serial": 31,
    "lineage": "91292d30-6ce8-4199-87fc-cf5347b9d49b",
    "modules": [
        {
            "path": [
                "root"
            ],
            "outputs": {
                "swarm_manager_1_private_ip": {
                    "sensitive": false,
                    "type": "string",
                    "value": "172.31.20.80"
                },
                "swarm_manager_1_public_ip": {
                    "sensitive": false,
                    "type": "string",
                    "value": "54.172.159.249"
                }
            },
            "resources": {
                "aws_instance.swarm-manager.0": {
                    "type": "aws_instance",
                    "depends_on": [
                        "aws_security_group.docker"
                    ],
                    "primary": {
                        "id": "i-073fc2d490e8bc1d3",
                        "attributes": {
                            "ami": "ami-80a7a197",
                            "associate_public_ip_address": "true",
                            "availability_zone": "us-east-1c",
                            "disable_api_termination": "false",
                            "ebs_block_device.#": "0",
                            "ebs_optimized": "false",
                            "ephemeral_block_device.#": "0",
                            "iam_instance_profile": "",
                            "id": "i-073fc2d490e8bc1d3",
                            "instance_state": "running",
                            "instance_type": "t2.micro",
                            "key_name": "devops21",
                            "monitoring": "false",
                            "network_interface_id": "eni-bbb89557",
                            "private_dns": "ip-172-31-20-80.ec2.internal",
                            "private_ip": "172.31.20.80",
                            "public_dns": "ec2-54-172-159-249.compute-1.amazonaws.com",
                            "public_ip": "54.172.159.249",
                            "root_block_device.#": "1",
                            "root_block_device.0.delete_on_termination": "true",
                            "root_block_device.0.iops": "100",
                            "root_block_device.0.volume_size": "8",
                            "root_block_device.0.volume_type": "gp2",
                            "security_groups.#": "0",
                            "source_dest_check": "true",
                            "subnet_id": "subnet-cd8472ba",
                            "tags.%": "1",
                            "tags.Name": "swarm-manager",
                            "tenancy": "default",
                            "vpc_security_group_ids.#": "1",
                            "vpc_security_group_ids.2971793240": "sg-0ca3e871"
                        },
                        "meta": {
                            "schema_version": "1"
                        },
                        "tainted": false
                    },
                    "deposed": [],
                    "provider": ""
                },
                "aws_instance.swarm-manager.1": {
                    "type": "aws_instance",
                    "depends_on": [
                        "aws_security_group.docker"
                    ],
                    "primary": {
                        "id": "i-08a650e42c8c2ef4d",
                        "attributes": {
                            "ami": "ami-80a7a197",
                            "associate_public_ip_address": "true",
                            "availability_zone": "us-east-1d",
                            "disable_api_termination": "false",
                            "ebs_block_device.#": "0",
                            "ebs_optimized": "false",
                            "ephemeral_block_device.#": "0",
                            "iam_instance_profile": "",
                            "id": "i-08a650e42c8c2ef4d",
                            "instance_state": "running",
                            "instance_type": "t2.micro",
                            "key_name": "devops21",
                            "monitoring": "false",
                            "network_interface_id": "eni-eca9c72c",
                            "private_dns": "ip-172-31-1-167.ec2.internal",
                            "private_ip": "172.31.1.167",
                            "public_dns": "ec2-54-208-10-249.compute-1.amazonaws.com",
                            "public_ip": "54.208.10.249",
                            "root_block_device.#": "1",
                            "root_block_device.0.delete_on_termination": "true",
                            "root_block_device.0.iops": "100",
                            "root_block_device.0.volume_size": "8",
                            "root_block_device.0.volume_type": "gp2",
                            "security_groups.#": "0",
                            "source_dest_check": "true",
                            "subnet_id": "subnet-80c1d1c6",
                            "tags.%": "1",
                            "tags.Name": "swarm-manager",
                            "tenancy": "default",
                            "vpc_security_group_ids.#": "1",
                            "vpc_security_group_ids.2971793240": "sg-0ca3e871"
                        },
                        "meta": {
                            "schema_version": "1"
                        },
                        "tainted": true
                    },
                    "deposed": [],
                    "provider": ""
                },
                "aws_instance.swarm-manager.2": {
                    "type": "aws_instance",
                    "depends_on": [
                        "aws_security_group.docker"
                    ],
                    "primary": {
                        "id": "i-03a49e293297416e6",
                        "attributes": {
                            "ami": "ami-80a7a197",
                            "associate_public_ip_address": "true",
                            "availability_zone": "us-east-1e",
                            "disable_api_termination": "false",
                            "ebs_block_device.#": "0",
                            "ebs_optimized": "false",
                            "ephemeral_block_device.#": "0",
                            "iam_instance_profile": "",
                            "id": "i-03a49e293297416e6",
                            "instance_state": "running",
                            "instance_type": "t2.micro",
                            "key_name": "devops21",
                            "monitoring": "false",
                            "network_interface_id": "eni-f83f2111",
                            "private_dns": "ip-172-31-54-2.ec2.internal",
                            "private_ip": "172.31.54.2",
                            "public_dns": "ec2-52-87-252-125.compute-1.amazonaws.com",
                            "public_ip": "52.87.252.125",
                            "root_block_device.#": "1",
                            "root_block_device.0.delete_on_termination": "true",
                            "root_block_device.0.iops": "100",
                            "root_block_device.0.volume_size": "8",
                            "root_block_device.0.volume_type": "gp2",
                            "security_groups.#": "0",
                            "source_dest_check": "true",
                            "subnet_id": "subnet-97cbabad",
                            "tags.%": "1",
                            "tags.Name": "swarm-manager",
                            "tenancy": "default",
                            "vpc_security_group_ids.#": "1",
                            "vpc_security_group_ids.2971793240": "sg-0ca3e871"
                        },
                        "meta": {
                            "schema_version": "1"
                        },
                        "tainted": true
                    },
                    "deposed": [],
                    "provider": ""
                },
                "aws_instance.swarm-worker.0": {
                    "type": "aws_instance",
                    "depends_on": [
                        "aws_security_group.docker"
                    ],
                    "primary": {
                        "id": "i-0ffacbcc0780ee637",
                        "attributes": {
                            "ami": "ami-80a7a197",
                            "associate_public_ip_address": "true",
                            "availability_zone": "us-east-1c",
                            "disable_api_termination": "false",
                            "ebs_block_device.#": "0",
                            "ebs_optimized": "false",
                            "ephemeral_block_device.#": "0",
                            "iam_instance_profile": "",
                            "id": "i-0ffacbcc0780ee637",
                            "instance_state": "running",
                            "instance_type": "t2.micro",
                            "key_name": "devops21",
                            "monitoring": "false",
                            "network_interface_id": "eni-c0a5882c",
                            "private_dns": "ip-172-31-31-138.ec2.internal",
                            "private_ip": "172.31.31.138",
                            "public_dns": "ec2-54-209-25-178.compute-1.amazonaws.com",
                            "public_ip": "54.209.25.178",
                            "root_block_device.#": "1",
                            "root_block_device.0.delete_on_termination": "true",
                            "root_block_device.0.iops": "100",
                            "root_block_device.0.volume_size": "8",
                            "root_block_device.0.volume_type": "gp2",
                            "security_groups.#": "0",
                            "source_dest_check": "true",
                            "subnet_id": "subnet-cd8472ba",
                            "tags.%": "1",
                            "tags.Name": "swarm-worker",
                            "tenancy": "default",
                            "vpc_security_group_ids.#": "1",
                            "vpc_security_group_ids.2971793240": "sg-0ca3e871"
                        },
                        "meta": {
                            "schema_version": "1"
                        },
                        "tainted": true
                    },
                    "deposed": [],
                    "provider": ""
                },
                "aws_instance.swarm-worker.1": {
                    "type": "aws_instance",
                    "depends_on": [
                        "aws_security_group.docker"
                    ],
                    "primary": {
                        "id": "i-0a68f0f5b89016c4c",
                        "attributes": {
                            "ami": "ami-80a7a197",
                            "associate_public_ip_address": "true",
                            "availability_zone": "us-east-1d",
                            "disable_api_termination": "false",
                            "ebs_block_device.#": "0",
                            "ebs_optimized": "false",
                            "ephemeral_block_device.#": "0",
                            "iam_instance_profile": "",
                            "id": "i-0a68f0f5b89016c4c",
                            "instance_state": "running",
                            "instance_type": "t2.micro",
                            "key_name": "devops21",
                            "monitoring": "false",
                            "network_interface_id": "eni-04a8c6c4",
                            "private_dns": "ip-172-31-11-78.ec2.internal",
                            "private_ip": "172.31.11.78",
                            "public_dns": "ec2-52-90-212-62.compute-1.amazonaws.com",
                            "public_ip": "52.90.212.62",
                            "root_block_device.#": "1",
                            "root_block_device.0.delete_on_termination": "true",
                            "root_block_device.0.iops": "100",
                            "root_block_device.0.volume_size": "8",
                            "root_block_device.0.volume_type": "gp2",
                            "security_groups.#": "0",
                            "source_dest_check": "true",
                            "subnet_id": "subnet-80c1d1c6",
                            "tags.%": "1",
                            "tags.Name": "swarm-worker",
                            "tenancy": "default",
                            "vpc_security_group_ids.#": "1",
                            "vpc_security_group_ids.2971793240": "sg-0ca3e871"
                        },
                        "meta": {
                            "schema_version": "1"
                        },
                        "tainted": true
                    },
                    "deposed": [],
                    "provider": ""
                },
                "aws_security_group.docker": {
                    "type": "aws_security_group",
                    "depends_on": [],
                    "primary": {
                        "id": "sg-0ca3e871",
                        "attributes": {
                            "description": "Managed by Terraform",
                            "egress.#": "1",
                            "egress.482069346.cidr_blocks.#": "1",
                            "egress.482069346.cidr_blocks.0": "0.0.0.0/0",
                            "egress.482069346.from_port": "0",
                            "egress.482069346.prefix_list_ids.#": "0",
                            "egress.482069346.protocol": "-1",
                            "egress.482069346.security_groups.#": "0",
                            "egress.482069346.self": "false",
                            "egress.482069346.to_port": "0",
                            "id": "sg-0ca3e871",
                            "ingress.#": "8",
                            "ingress.1183624644.cidr_blocks.#": "0",
                            "ingress.1183624644.from_port": "4789",
                            "ingress.1183624644.protocol": "tcp",
                            "ingress.1183624644.security_groups.#": "0",
                            "ingress.1183624644.self": "true",
                            "ingress.1183624644.to_port": "4789",
                            "ingress.1530048670.cidr_blocks.#": "0",
                            "ingress.1530048670.from_port": "4789",
                            "ingress.1530048670.protocol": "udp",
                            "ingress.1530048670.security_groups.#": "0",
                            "ingress.1530048670.self": "true",
                            "ingress.1530048670.to_port": "4789",
                            "ingress.2214680975.cidr_blocks.#": "1",
                            "ingress.2214680975.cidr_blocks.0": "0.0.0.0/0",
                            "ingress.2214680975.from_port": "80",
                            "ingress.2214680975.protocol": "tcp",
                            "ingress.2214680975.security_groups.#": "0",
                            "ingress.2214680975.self": "false",
                            "ingress.2214680975.to_port": "80",
                            "ingress.2541437006.cidr_blocks.#": "1",
                            "ingress.2541437006.cidr_blocks.0": "0.0.0.0/0",
                            "ingress.2541437006.from_port": "22",
                            "ingress.2541437006.protocol": "tcp",
                            "ingress.2541437006.security_groups.#": "0",
                            "ingress.2541437006.self": "false",
                            "ingress.2541437006.to_port": "22",
                            "ingress.2617001939.cidr_blocks.#": "1",
                            "ingress.2617001939.cidr_blocks.0": "0.0.0.0/0",
                            "ingress.2617001939.from_port": "443",
                            "ingress.2617001939.protocol": "tcp",
                            "ingress.2617001939.security_groups.#": "0",
                            "ingress.2617001939.self": "false",
                            "ingress.2617001939.to_port": "443",
                            "ingress.3939417081.cidr_blocks.#": "0",
                            "ingress.3939417081.from_port": "7946",
                            "ingress.3939417081.protocol": "udp",
                            "ingress.3939417081.security_groups.#": "0",
                            "ingress.3939417081.self": "true",
                            "ingress.3939417081.to_port": "7946",
                            "ingress.4151355043.cidr_blocks.#": "0",
                            "ingress.4151355043.from_port": "7946",
                            "ingress.4151355043.protocol": "tcp",
                            "ingress.4151355043.security_groups.#": "0",
                            "ingress.4151355043.self": "true",
                            "ingress.4151355043.to_port": "7946",
                            "ingress.778117624.cidr_blocks.#": "0",
                            "ingress.778117624.from_port": "2377",
                            "ingress.778117624.protocol": "tcp",
                            "ingress.778117624.security_groups.#": "0",
                            "ingress.778117624.self": "true",
                            "ingress.778117624.to_port": "2377",
                            "name": "docker",
                            "owner_id": "907206740295",
                            "tags.%": "0",
                            "vpc_id": "vpc-dcd303b9"
                        },
                        "meta": {},
                        "tainted": false
                    },
                    "deposed": [],
                    "provider": ""
                }
            },
            "depends_on": []
        }
    ]
}
